// !$*UTF8*$!
{
	archiveVersion = 1;
	classes = {
	};
	objectVersion = 50;
	objects = {

/* Begin PBXBuildFile section */
		D156D1B3255672D80087ADCE /* AppDelegate.swift in Sources */ = {isa = PBXBuildFile; fileRef = D156D1B2255672D80087ADCE /* AppDelegate.swift */; };
		D156D1B5255672D80087ADCE /* SceneDelegate.swift in Sources */ = {isa = PBXBuildFile; fileRef = D156D1B4255672D80087ADCE /* SceneDelegate.swift */; };
		D156D1B7255672D80087ADCE /* MemoListScene.swift in Sources */ = {isa = PBXBuildFile; fileRef = D156D1B6255672D80087ADCE /* MemoListScene.swift */; };
		D156D1BA255672D80087ADCE /* SwiftUIMemo.xcdatamodeld in Sources */ = {isa = PBXBuildFile; fileRef = D156D1B8255672D80087ADCE /* SwiftUIMemo.xcdatamodeld */; };
		D156D1BC255672DA0087ADCE /* Assets.xcassets in Resources */ = {isa = PBXBuildFile; fileRef = D156D1BB255672DA0087ADCE /* Assets.xcassets */; };
		D156D1BF255672DA0087ADCE /* Preview Assets.xcassets in Resources */ = {isa = PBXBuildFile; fileRef = D156D1BE255672DA0087ADCE /* Preview Assets.xcassets */; };
		D156D1C2255672DA0087ADCE /* LaunchScreen.storyboard in Resources */ = {isa = PBXBuildFile; fileRef = D156D1C0255672DA0087ADCE /* LaunchScreen.storyboard */; };
		D156D1CC255673570087ADCE /* Memo.swift in Sources */ = {isa = PBXBuildFile; fileRef = D156D1CB255673570087ADCE /* Memo.swift */; };
		D156D1D0255674940087ADCE /* MemoStore.swift in Sources */ = {isa = PBXBuildFile; fileRef = D156D1CF255674940087ADCE /* MemoStore.swift */; };
/* End PBXBuildFile section */

/* Begin PBXFileReference section */
		D156D1AF255672D80087ADCE /* SwiftUIMemo.app */ = {isa = PBXFileReference; explicitFileType = wrapper.application; includeInIndex = 0; path = SwiftUIMemo.app; sourceTree = BUILT_PRODUCTS_DIR; };
		D156D1B2255672D80087ADCE /* AppDelegate.swift */ = {isa = PBXFileReference; lastKnownFileType = sourcecode.swift; path = AppDelegate.swift; sourceTree = "<group>"; };
		D156D1B4255672D80087ADCE /* SceneDelegate.swift */ = {isa = PBXFileReference; lastKnownFileType = sourcecode.swift; path = SceneDelegate.swift; sourceTree = "<group>"; };
		D156D1B6255672D80087ADCE /* MemoListScene.swift */ = {isa = PBXFileReference; lastKnownFileType = sourcecode.swift; path = MemoListScene.swift; sourceTree = "<group>"; };
		D156D1B9255672D80087ADCE /* SwiftUIMemo.xcdatamodel */ = {isa = PBXFileReference; lastKnownFileType = wrapper.xcdatamodel; path = SwiftUIMemo.xcdatamodel; sourceTree = "<group>"; };
		D156D1BB255672DA0087ADCE /* Assets.xcassets */ = {isa = PBXFileReference; lastKnownFileType = folder.assetcatalog; path = Assets.xcassets; sourceTree = "<group>"; };
		D156D1BE255672DA0087ADCE /* Preview Assets.xcassets */ = {isa = PBXFileReference; lastKnownFileType = folder.assetcatalog; path = "Preview Assets.xcassets"; sourceTree = "<group>"; };
		D156D1C1255672DA0087ADCE /* Base */ = {isa = PBXFileReference; lastKnownFileType = file.storyboard; name = Base; path = Base.lproj/LaunchScreen.storyboard; sourceTree = "<group>"; };
		D156D1C3255672DA0087ADCE /* Info.plist */ = {isa = PBXFileReference; lastKnownFileType = text.plist.xml; path = Info.plist; sourceTree = "<group>"; };
		D156D1CB255673570087ADCE /* Memo.swift */ = {isa = PBXFileReference; lastKnownFileType = sourcecode.swift; path = Memo.swift; sourceTree = "<group>"; };
		D156D1CF255674940087ADCE /* MemoStore.swift */ = {isa = PBXFileReference; lastKnownFileType = sourcecode.swift; path = MemoStore.swift; sourceTree = "<group>"; };
/* End PBXFileReference section */

/* Begin PBXFrameworksBuildPhase section */
		D156D1AC255672D80087ADCE /* Frameworks */ = {
			isa = PBXFrameworksBuildPhase;
			buildActionMask = 2147483647;
			files = (
			);
			runOnlyForDeploymentPostprocessing = 0;
		};
/* End PBXFrameworksBuildPhase section */

/* Begin PBXGroup section */
		D156D1A6255672D80087ADCE = {
			isa = PBXGroup;
			children = (
				D156D1B1255672D80087ADCE /* SwiftUIMemo */,
				D156D1B0255672D80087ADCE /* Products */,
			);
			sourceTree = "<group>";
		};
		D156D1B0255672D80087ADCE /* Products */ = {
			isa = PBXGroup;
			children = (
				D156D1AF255672D80087ADCE /* SwiftUIMemo.app */,
			);
			name = Products;
			sourceTree = "<group>";
		};
		D156D1B1255672D80087ADCE /* SwiftUIMemo */ = {
			isa = PBXGroup;
			children = (
				D156D1CA2556733C0087ADCE /* Model */,
				D156D1B2255672D80087ADCE /* AppDelegate.swift */,
				D156D1B4255672D80087ADCE /* SceneDelegate.swift */,
				D156D1B6255672D80087ADCE /* MemoListScene.swift */,
				D156D1BB255672DA0087ADCE /* Assets.xcassets */,
				D156D1C0255672DA0087ADCE /* LaunchScreen.storyboard */,
				D156D1C3255672DA0087ADCE /* Info.plist */,
				D156D1B8255672D80087ADCE /* SwiftUIMemo.xcdatamodeld */,
				D156D1BD255672DA0087ADCE /* Preview Content */,
			);
			path = SwiftUIMemo;
			sourceTree = "<group>";
		};
		D156D1BD255672DA0087ADCE /* Preview Content */ = {
			isa = PBXGroup;
			children = (
				D156D1BE255672DA0087ADCE /* Preview Assets.xcassets */,
			);
			path = "Preview Content";
			sourceTree = "<group>";
		};
		D156D1CA2556733C0087ADCE /* Model */ = {
			isa = PBXGroup;
			children = (
				D156D1CB255673570087ADCE /* Memo.swift */,
				D156D1CF255674940087ADCE /* MemoStore.swift */,
			);
			path = Model;
			sourceTree = "<group>";
		};
/* End PBXGroup section */

/* Begin PBXNativeTarget section */
		D156D1AE255672D80087ADCE /* SwiftUIMemo */ = {
			isa = PBXNativeTarget;
			buildConfigurationList = D156D1C6255672DA0087ADCE /* Build configuration list for PBXNativeTarget "SwiftUIMemo" */;
			buildPhases = (
				D156D1AB255672D80087ADCE /* Sources */,
				D156D1AC255672D80087ADCE /* Frameworks */,
				D156D1AD255672D80087ADCE /* Resources */,
			);
			buildRules = (
			);
			dependencies = (
			);
			name = SwiftUIMemo;
			productName = SwiftUIMemo;
			productReference = D156D1AF255672D80087ADCE /* SwiftUIMemo.app */;
			productType = "com.apple.product-type.application";
		};
/* End PBXNativeTarget section */

/* Begin PBXProject section */
		D156D1A7255672D80087ADCE /* Project object */ = {
			isa = PBXProject;
			attributes = {
				LastSwiftUpdateCheck = 1210;
				LastUpgradeCheck = 1210;
				TargetAttributes = {
					D156D1AE255672D80087ADCE = {
						CreatedOnToolsVersion = 12.1;
					};
				};
			};
			buildConfigurationList = D156D1AA255672D80087ADCE /* Build configuration list for PBXProject "SwiftUIMemo" */;
			compatibilityVersion = "Xcode 9.3";
			developmentRegion = en;
			hasScannedForEncodings = 0;
			knownRegions = (
				en,
				Base,
			);
			mainGroup = D156D1A6255672D80087ADCE;
			productRefGroup = D156D1B0255672D80087ADCE /* Products */;
			projectDirPath = "";
			projectRoot = "";
			targets = (
				D156D1AE255672D80087ADCE /* SwiftUIMemo */,
			);
		};
/* End PBXProject section */

/* Begin PBXResourcesBuildPhase section */
		D156D1AD255672D80087ADCE /* Resources */ = {
			isa = PBXResourcesBuildPhase;
			buildActionMask = 2147483647;
			files = (
				D156D1C2255672DA0087ADCE /* LaunchScreen.storyboard in Resources */,
				D156D1BF255672DA0087ADCE /* Preview Assets.xcassets in Resources */,
				D156D1BC255672DA0087ADCE /* Assets.xcassets in Resources */,
			);
			runOnlyForDeploymentPostprocessing = 0;
		};
/* End PBXResourcesBuildPhase section */

/* Begin PBXSourcesBuildPhase section */
		D156D1AB255672D80087ADCE /* Sources */ = {
			isa = PBXSourcesBuildPhase;
			buildActionMask = 2147483647;
			files = (
				D156D1B3255672D80087ADCE /* AppDelegate.swift in Sources */,
				D156D1D0255674940087ADCE /* MemoStore.swift in Sources */,
				D156D1BA255672D80087ADCE /* SwiftUIMemo.xcdatamodeld in Sources */,
				D156D1B5255672D80087ADCE /* SceneDelegate.swift in Sources */,
				D156D1B7255672D80087ADCE /* MemoListScene.swift in Sources */,
				D156D1CC255673570087ADCE /* Memo.swift in Sources */,
			);
			runOnlyForDeploymentPostprocessing = 0;
		};
/* End PBXSourcesBuildPhase section */

/* Begin PBXVariantGroup section */
		D156D1C0255672DA0087ADCE /* LaunchScreen.storyboard */ = {
			isa = PBXVariantGroup;
			children = (
				D156D1C1255672DA0087ADCE /* Base */,
			);
			name = LaunchScreen.storyboard;
			sourceTree = "<group>";
		};
/* End PBXVariantGroup section */

/* Begin XCBuildConfiguration section */
		D156D1C4255672DA0087ADCE /* Debug */ = {
			isa = XCBuildConfiguration;
			buildSettings = {
				ALWAYS_SEARCH_USER_PATHS = NO;
				CLANG_ANALYZER_NONNULL = YES;
				CLANG_ANALYZER_NUMBER_OBJECT_CONVERSION = YES_AGGRESSIVE;
				CLANG_CXX_LANGUAGE_STANDARD = "gnu++14";
				CLANG_CXX_LIBRARY = "libc++";
				CLANG_ENABLE_MODULES = YES;
				CLANG_ENABLE_OBJC_ARC = YES;
				CLANG_ENABLE_OBJC_WEAK = YES;
				CLANG_WARN_BLOCK_CAPTURE_AUTORELEASING = YES;
				CLANG_WARN_BOOL_CONVERSION = YES;
				CLANG_WARN_COMMA = YES;
				CLANG_WARN_CONSTANT_CONVERSION = YES;
				CLANG_WARN_DEPRECATED_OBJC_IMPLEMENTATIONS = YES;
				CLANG_WARN_DIRECT_OBJC_ISA_USAGE = YES_ERROR;
				CLANG_WARN_DOCUMENTATION_COMMENTS = YES;
				CLANG_WARN_EMPTY_BODY = YES;
				CLANG_WARN_ENUM_CONVERSION = YES;
				CLANG_WARN_INFINITE_RECURSION = YES;
				CLANG_WARN_INT_CONVERSION = YES;
				CLANG_WARN_NON_LITERAL_NULL_CONVERSION = YES;
				CLANG_WARN_OBJC_IMPLICIT_RETAIN_SELF = YES;
				CLANG_WARN_OBJC_LITERAL_CONVERSION = YES;
				CLANG_WARN_OBJC_ROOT_CLASS = YES_ERROR;
				CLANG_WARN_QUOTED_INCLUDE_IN_FRAMEWORK_HEADER = YES;
				CLANG_WARN_RANGE_LOOP_ANALYSIS = YES;
				CLANG_WARN_STRICT_PROTOTYPES = YES;
				CLANG_WARN_SUSPICIOUS_MOVE = YES;
				CLANG_WARN_UNGUARDED_AVAILABILITY = YES_AGGRESSIVE;
				CLANG_WARN_UNREACHABLE_CODE = YES;
				CLANG_WARN__DUPLICATE_METHOD_MATCH = YES;
				COPY_PHASE_STRIP = NO;
				DEBUG_INFORMATION_FORMAT = dwarf;
				ENABLE_STRICT_OBJC_MSGSEND = YES;
				ENABLE_TESTABILITY = YES;
				GCC_C_LANGUAGE_STANDARD = gnu11;
				GCC_DYNAMIC_NO_PIC = NO;
				GCC_NO_COMMON_BLOCKS = YES;
				GCC_OPTIMIZATION_LEVEL = 0;
				GCC_PREPROCESSOR_DEFINITIONS = (
					"DEBUG=1",
					"$(inherited)",
				);
				GCC_WARN_64_TO_32_BIT_CONVERSION = YES;
				GCC_WARN_ABOUT_RETURN_TYPE = YES_ERROR;
				GCC_WARN_UNDECLARED_SELECTOR = YES;
				GCC_WARN_UNINITIALIZED_AUTOS = YES_AGGRESSIVE;
				GCC_WARN_UNUSED_FUNCTION = YES;
				GCC_WARN_UNUSED_VARIABLE = YES;
				IPHONEOS_DEPLOYMENT_TARGET = 14.1;
				MTL_ENABLE_DEBUG_INFO = INCLUDE_SOURCE;
				MTL_FAST_MATH = YES;
				ONLY_ACTIVE_ARCH = YES;
				SDKROOT = iphoneos;
				SWIFT_ACTIVE_COMPILATION_CONDITIONS = DEBUG;
				SWIFT_OPTIMIZATION_LEVEL = "-Onone";
			};
			name = Debug;
		};
		D156D1C5255672DA0087ADCE /* Release */ = {
			isa = XCBuildConfiguration;
			buildSettings = {
				ALWAYS_SEARCH_USER_PATHS = NO;
				CLANG_ANALYZER_NONNULL = YES;
				CLANG_ANALYZER_NUMBER_OBJECT_CONVERSION = YES_AGGRESSIVE;
				CLANG_CXX_LANGUAGE_STANDARD = "gnu++14";
				CLANG_CXX_LIBRARY = "libc++";
				CLANG_ENABLE_MODULES = YES;
				CLANG_ENABLE_OBJC_ARC = YES;
				CLANG_ENABLE_OBJC_WEAK = YES;
				CLANG_WARN_BLOCK_CAPTURE_AUTORELEASING = YES;
				CLANG_WARN_BOOL_CONVERSION = YES;
				CLANG_WARN_COMMA = YES;
				CLANG_WARN_CONSTANT_CONVERSION = YES;
				CLANG_WARN_DEPRECATED_OBJC_IMPLEMENTATIONS = YES;
				CLANG_WARN_DIRECT_OBJC_ISA_USAGE = YES_ERROR;
				CLANG_WARN_DOCUMENTATION_COMMENTS = YES;
				CLANG_WARN_EMPTY_BODY = YES;
				CLANG_WARN_ENUM_CONVERSION = YES;
				CLANG_WARN_INFINITE_RECURSION = YES;
				CLANG_WARN_INT_CONVERSION = YES;
				CLANG_WARN_NON_LITERAL_NULL_CONVERSION = YES;
				CLANG_WARN_OBJC_IMPLICIT_RETAIN_SELF = YES;
				CLANG_WARN_OBJC_LITERAL_CONVERSION = YES;
				CLANG_WARN_OBJC_ROOT_CLASS = YES_ERROR;
				CLANG_WARN_QUOTED_INCLUDE_IN_FRAMEWORK_HEADER = YES;
				CLANG_WARN_RANGE_LOOP_ANALYSIS = YES;
				CLANG_WARN_STRICT_PROTOTYPES = YES;
				CLANG_WARN_SUSPICIOUS_MOVE = YES;
				CLANG_WARN_UNGUARDED_AVAILABILITY = YES_AGGRESSIVE;
				CLANG_WARN_UNREACHABLE_CODE = YES;
				CLANG_WARN__DUPLICATE_METHOD_MATCH = YES;
				COPY_PHASE_STRIP = NO;
				DEBUG_INFORMATION_FORMAT = "dwarf-with-dsym";
				ENABLE_NS_ASSERTIONS = NO;
				ENABLE_STRICT_OBJC_MSGSEND = YES;
				GCC_C_LANGUAGE_STANDARD = gnu11;
				GCC_NO_COMMON_BLOCKS = YES;
				GCC_WARN_64_TO_32_BIT_CONVERSION = YES;
				GCC_WARN_ABOUT_RETURN_TYPE = YES_ERROR;
				GCC_WARN_UNDECLARED_SELECTOR = YES;
				GCC_WARN_UNINITIALIZED_AUTOS = YES_AGGRESSIVE;
				GCC_WARN_UNUSED_FUNCTION = YES;
				GCC_WARN_UNUSED_VARIABLE = YES;
				IPHONEOS_DEPLOYMENT_TARGET = 14.1;
				MTL_ENABLE_DEBUG_INFO = NO;
				MTL_FAST_MATH = YES;
				SDKROOT = iphoneos;
				SWIFT_COMPILATION_MODE = wholemodule;
				SWIFT_OPTIMIZATION_LEVEL = "-O";
				VALIDATE_PRODUCT = YES;
			};
			name = Release;
		};
		D156D1C7255672DA0087ADCE /* Debug */ = {
			isa = XCBuildConfiguration;
			buildSettings = {
				ASSETCATALOG_COMPILER_APPICON_NAME = AppIcon;
				ASSETCATALOG_COMPILER_GLOBAL_ACCENT_COLOR_NAME = AccentColor;
				CODE_SIGN_STYLE = Automatic;
				DEVELOPMENT_ASSET_PATHS = "\"SwiftUIMemo/Preview Content\"";
				DEVELOPMENT_TEAM = 74K6SQ7NC7;
				ENABLE_PREVIEWS = YES;
				INFOPLIST_FILE = SwiftUIMemo/Info.plist;
				LD_RUNPATH_SEARCH_PATHS = (
					"$(inherited)",
					"@executable_path/Frameworks",
				);
				PRODUCT_BUNDLE_IDENTIFIER = kr.xoul.SwiftUIMemo;
				PRODUCT_NAME = "$(TARGET_NAME)";
				SWIFT_VERSION = 5.0;
				TARGETED_DEVICE_FAMILY = "1,2";
			};
			name = Debug;
		};
		D156D1C8255672DA0087ADCE /* Release */ = {
			isa = XCBuildConfiguration;
			buildSettings = {
				ASSETCATALOG_COMPILER_APPICON_NAME = AppIcon;
				ASSETCATALOG_COMPILER_GLOBAL_ACCENT_COLOR_NAME = AccentColor;
				CODE_SIGN_STYLE = Automatic;
				DEVELOPMENT_ASSET_PATHS = "\"SwiftUIMemo/Preview Content\"";
				DEVELOPMENT_TEAM = 74K6SQ7NC7;
				ENABLE_PREVIEWS = YES;
				INFOPLIST_FILE = SwiftUIMemo/Info.plist;
				LD_RUNPATH_SEARCH_PATHS = (
					"$(inherited)",
					"@executable_path/Frameworks",
				);
				PRODUCT_BUNDLE_IDENTIFIER = kr.xoul.SwiftUIMemo;
				PRODUCT_NAME = "$(TARGET_NAME)";
				SWIFT_VERSION = 5.0;
				TARGETED_DEVICE_FAMILY = "1,2";
			};
			name = Release;
		};
/* End XCBuildConfiguration section */

/* Begin XCConfigurationList section */
		D156D1AA255672D80087ADCE /* Build configuration list for PBXProject "SwiftUIMemo" */ = {
			isa = XCConfigurationList;
			buildConfigurations = (
				D156D1C4255672DA0087ADCE /* Debug */,
				D156D1C5255672DA0087ADCE /* Release */,
			);
			defaultConfigurationIsVisible = 0;
			defaultConfigurationName = Release;
		};
		D156D1C6255672DA0087ADCE /* Build configuration list for PBXNativeTarget "SwiftUIMemo" */ = {
			isa = XCConfigurationList;
			buildConfigurations = (
				D156D1C7255672DA0087ADCE /* Debug */,
				D156D1C8255672DA0087ADCE /* Release */,
			);
			defaultConfigurationIsVisible = 0;
			defaultConfigurationName = Release;
		};
/* End XCConfigurationList section */

/* Begin XCVersionGroup section */
		D156D1B8255672D80087ADCE /* SwiftUIMemo.xcdatamodeld */ = {
			isa = XCVersionGroup;
			children = (
				D156D1B9255672D80087ADCE /* SwiftUIMemo.xcdatamodel */,
			);
			currentVersion = D156D1B9255672D80087ADCE /* SwiftUIMemo.xcdatamodel */;
			path = SwiftUIMemo.xcdatamodeld;
			sourceTree = "<group>";
			versionGroupType = wrapper.xcdatamodel;
		};
/* End XCVersionGroup section */
	};
	rootObject = D156D1A7255672D80087ADCE /* Project object */;
}
